
Microsoft Visual Studio Solution File, Format Version 12.00
# Visual Studio Version 16
VisualStudioVersion = 16.0.28922.388
MinimumVisualStudioVersion = 10.0.40219.1
Project("{2150E333-8FDC-42A3-9474-1A3956D46DE8}") = "Solution Items", "Solution Items", "{C48F2CC6-512F-4CC2-9A98-6E0E8E222687}"
	ProjectSection(SolutionItems) = preProject
		README.md = README.md
	EndProjectSection
EndProject
Project("{9A19103F-16F7-4668-BE54-9A1E7A4F7556}") = "Domain", "Domain\Domain.csproj", "{C106D88A-CC76-4D87-92D1-7DE0ACA53440}"
EndProject
Project("{9A19103F-16F7-4668-BE54-9A1E7A4F7556}") = "Application", "Application\Application.csproj", "{3566B69A-11C7-4231-9DBD-412FCF06AB4A}"
EndProject
Project("{9A19103F-16F7-4668-BE54-9A1E7A4F7556}") = "Infrastructure", "Infrastructure\Infrastructure.csproj", "{D8A2AF45-BCDE-47D9-92FB-C5324BD0D9BD}"
EndProject
Project("{9A19103F-16F7-4668-BE54-9A1E7A4F7556}") = "Infrastructure.InMemory", "Infrastructure.InMemory\Infrastructure.InMemory.csproj", "{4BCEF68B-2EFA-4211-ABAE-CF30A093AA5B}"
EndProject
Project("{9A19103F-16F7-4668-BE54-9A1E7A4F7556}") = "WebApplication", "WebApplication\WebApplication.csproj", "{FD321357-DD24-4599-9AED-9A5CD1E3ECCE}"
EndProject
Project("{9A19103F-16F7-4668-BE54-9A1E7A4F7556}") = "Extensions", "Extensions\Extensions.csproj", "{41D44FB5-DF6A-4EE9-8F34-1E969E71B46C}"
EndProject
Global
	GlobalSection(SolutionConfigurationPlatforms) = preSolution
		Debug|Any CPU = Debug|Any CPU
		Debug|Mixed Platforms = Debug|Mixed Platforms
		Debug|x86 = Debug|x86
		Release|Any CPU = Release|Any CPU
		Release|Mixed Platforms = Release|Mixed Platforms
		Release|x86 = Release|x86
	EndGlobalSection
	GlobalSection(ProjectConfigurationPlatforms) = postSolution
		{C106D88A-CC76-4D87-92D1-7DE0ACA53440}.Debug|Any CPU.ActiveCfg = Debug|Any CPU
		{C106D88A-CC76-4D87-92D1-7DE0ACA53440}.Debug|Any CPU.Build.0 = Debug|Any CPU
		{C106D88A-CC76-4D87-92D1-7DE0ACA53440}.Debug|Mixed Platforms.ActiveCfg = Debug|Any CPU
		{C106D88A-CC76-4D87-92D1-7DE0ACA53440}.Debug|Mixed Platforms.Build.0 = Debug|Any CPU
		{C106D88A-CC76-4D87-92D1-7DE0ACA53440}.Debug|x86.ActiveCfg = Debug|Any CPU
		{C106D88A-CC76-4D87-92D1-7DE0ACA53440}.Debug|x86.Build.0 = Debug|Any CPU
		{C106D88A-CC76-4D87-92D1-7DE0ACA53440}.Release|Any CPU.ActiveCfg = Release|Any CPU
		{C106D88A-CC76-4D87-92D1-7DE0ACA53440}.Release|Any CPU.Build.0 = Release|Any CPU
		{C106D88A-CC76-4D87-92D1-7DE0ACA53440}.Release|Mixed Platforms.ActiveCfg = Release|Any CPU
		{C106D88A-CC76-4D87-92D1-7DE0ACA53440}.Release|Mixed Platforms.Build.0 = Release|Any CPU
		{C106D88A-CC76-4D87-92D1-7DE0ACA53440}.Release|x86.ActiveCfg = Release|Any CPU
		{C106D88A-CC76-4D87-92D1-7DE0ACA53440}.Release|x86.Build.0 = Release|Any CPU
		{3566B69A-11C7-4231-9DBD-412FCF06AB4A}.Debug|Any CPU.ActiveCfg = Debug|Any CPU
		{3566B69A-11C7-4231-9DBD-412FCF06AB4A}.Debug|Any CPU.Build.0 = Debug|Any CPU
		{3566B69A-11C7-4231-9DBD-412FCF06AB4A}.Debug|Mixed Platforms.ActiveCfg = Debug|Any CPU
		{3566B69A-11C7-4231-9DBD-412FCF06AB4A}.Debug|Mixed Platforms.Build.0 = Debug|Any CPU
		{3566B69A-11C7-4231-9DBD-412FCF06AB4A}.Debug|x86.ActiveCfg = Debug|Any CPU
		{3566B69A-11C7-4231-9DBD-412FCF06AB4A}.Debug|x86.Build.0 = Debug|Any CPU
		{3566B69A-11C7-4231-9DBD-412FCF06AB4A}.Release|Any CPU.ActiveCfg = Release|Any CPU
		{3566B69A-11C7-4231-9DBD-412FCF06AB4A}.Release|Any CPU.Build.0 = Release|Any CPU
		{3566B69A-11C7-4231-9DBD-412FCF06AB4A}.Release|Mixed Platforms.ActiveCfg = Release|Any CPU
		{3566B69A-11C7-4231-9DBD-412FCF06AB4A}.Release|Mixed Platforms.Build.0 = Release|Any CPU
		{3566B69A-11C7-4231-9DBD-412FCF06AB4A}.Release|x86.ActiveCfg = Release|Any CPU
		{3566B69A-11C7-4231-9DBD-412FCF06AB4A}.Release|x86.Build.0 = Release|Any CPU
		{D8A2AF45-BCDE-47D9-92FB-C5324BD0D9BD}.Debug|Any CPU.ActiveCfg = Debug|Any CPU
		{D8A2AF45-BCDE-47D9-92FB-C5324BD0D9BD}.Debug|Any CPU.Build.0 = Debug|Any CPU
		{D8A2AF45-BCDE-47D9-92FB-C5324BD0D9BD}.Debug|Mixed Platforms.ActiveCfg = Debug|Any CPU
		{D8A2AF45-BCDE-47D9-92FB-C5324BD0D9BD}.Debug|Mixed Platforms.Build.0 = Debug|Any CPU
		{D8A2AF45-BCDE-47D9-92FB-C5324BD0D9BD}.Debug|x86.ActiveCfg = Debug|Any CPU
		{D8A2AF45-BCDE-47D9-92FB-C5324BD0D9BD}.Debug|x86.Build.0 = Debug|Any CPU
		{D8A2AF45-BCDE-47D9-92FB-C5324BD0D9BD}.Release|Any CPU.ActiveCfg = Release|Any CPU
		{D8A2AF45-BCDE-47D9-92FB-C5324BD0D9BD}.Release|Any CPU.Build.0 = Release|Any CPU
		{D8A2AF45-BCDE-47D9-92FB-C5324BD0D9BD}.Release|Mixed Platforms.ActiveCfg = Release|Any CPU
		{D8A2AF45-BCDE-47D9-92FB-C5324BD0D9BD}.Release|Mixed Platforms.Build.0 = Release|Any CPU
		{D8A2AF45-BCDE-47D9-92FB-C5324BD0D9BD}.Release|x86.ActiveCfg = Release|Any CPU
		{D8A2AF45-BCDE-47D9-92FB-C5324BD0D9BD}.Release|x86.Build.0 = Release|Any CPU
		{4BCEF68B-2EFA-4211-ABAE-CF30A093AA5B}.Debug|Any CPU.ActiveCfg = Debug|Any CPU
		{4BCEF68B-2EFA-4211-ABAE-CF30A093AA5B}.Debug|Any CPU.Build.0 = Debug|Any CPU
		{4BCEF68B-2EFA-4211-ABAE-CF30A093AA5B}.Debug|Mixed Platforms.ActiveCfg = Debug|Any CPU
		{4BCEF68B-2EFA-4211-ABAE-CF30A093AA5B}.Debug|Mixed Platforms.Build.0 = Debug|Any CPU
		{4BCEF68B-2EFA-4211-ABAE-CF30A093AA5B}.Debug|x86.ActiveCfg = Debug|Any CPU
		{4BCEF68B-2EFA-4211-ABAE-CF30A093AA5B}.Debug|x86.Build.0 = Debug|Any CPU
		{4BCEF68B-2EFA-4211-ABAE-CF30A093AA5B}.Release|Any CPU.ActiveCfg = Release|Any CPU
		{4BCEF68B-2EFA-4211-ABAE-CF30A093AA5B}.Release|Any CPU.Build.0 = Release|Any CPU
		{4BCEF68B-2EFA-4211-ABAE-CF30A093AA5B}.Release|Mixed Platforms.ActiveCfg = Release|Any CPU
		{4BCEF68B-2EFA-4211-ABAE-CF30A093AA5B}.Release|Mixed Platforms.Build.0 = Release|Any CPU
		{4BCEF68B-2EFA-4211-ABAE-CF30A093AA5B}.Release|x86.ActiveCfg = Release|Any CPU
		{4BCEF68B-2EFA-4211-ABAE-CF30A093AA5B}.Release|x86.Build.0 = Release|Any CPU
		{FD321357-DD24-4599-9AED-9A5CD1E3ECCE}.Debug|Any CPU.ActiveCfg = Debug|Any CPU
		{FD321357-DD24-4599-9AED-9A5CD1E3ECCE}.Debug|Any CPU.Build.0 = Debug|Any CPU
		{FD321357-DD24-4599-9AED-9A5CD1E3ECCE}.Debug|Mixed Platforms.ActiveCfg = Debug|Any CPU
		{FD321357-DD24-4599-9AED-9A5CD1E3ECCE}.Debug|Mixed Platforms.Build.0 = Debug|Any CPU
		{FD321357-DD24-4599-9AED-9A5CD1E3ECCE}.Debug|x86.ActiveCfg = Debug|Any CPU
		{FD321357-DD24-4599-9AED-9A5CD1E3ECCE}.Debug|x86.Build.0 = Debug|Any CPU
		{FD321357-DD24-4599-9AED-9A5CD1E3ECCE}.Release|Any CPU.ActiveCfg = Release|Any CPU
		{FD321357-DD24-4599-9AED-9A5CD1E3ECCE}.Release|Any CPU.Build.0 = Release|Any CPU
		{FD321357-DD24-4599-9AED-9A5CD1E3ECCE}.Release|Mixed Platforms.ActiveCfg = Release|Any CPU
		{FD321357-DD24-4599-9AED-9A5CD1E3ECCE}.Release|Mixed Platforms.Build.0 = Release|Any CPU
		{FD321357-DD24-4599-9AED-9A5CD1E3ECCE}.Release|x86.ActiveCfg = Release|Any CPU
		{FD321357-DD24-4599-9AED-9A5CD1E3ECCE}.Release|x86.Build.0 = Release|Any CPU
		{41D44FB5-DF6A-4EE9-8F34-1E969E71B46C}.Debug|Any CPU.ActiveCfg = Debug|Any CPU
		{41D44FB5-DF6A-4EE9-8F34-1E969E71B46C}.Debug|Any CPU.Build.0 = Debug|Any CPU
		{41D44FB5-DF6A-4EE9-8F34-1E969E71B46C}.Debug|Mixed Platforms.ActiveCfg = Debug|Any CPU
		{41D44FB5-DF6A-4EE9-8F34-1E969E71B46C}.Debug|Mixed Platforms.Build.0 = Debug|Any CPU
		{41D44FB5-DF6A-4EE9-8F34-1E969E71B46C}.Debug|x86.ActiveCfg = Debug|Any CPU
		{41D44FB5-DF6A-4EE9-8F34-1E969E71B46C}.Debug|x86.Build.0 = Debug|Any CPU
		{41D44FB5-DF6A-4EE9-8F34-1E969E71B46C}.Release|Any CPU.ActiveCfg = Release|Any CPU
		{41D44FB5-DF6A-4EE9-8F34-1E969E71B46C}.Release|Any CPU.Build.0 = Release|Any CPU
		{41D44FB5-DF6A-4EE9-8F34-1E969E71B46C}.Release|Mixed Platforms.ActiveCfg = Release|Any CPU
		{41D44FB5-DF6A-4EE9-8F34-1E969E71B46C}.Release|Mixed Platforms.Build.0 = Release|Any CPU
		{41D44FB5-DF6A-4EE9-8F34-1E969E71B46C}.Release|x86.ActiveCfg = Release|Any CPU
		{41D44FB5-DF6A-4EE9-8F34-1E969E71B46C}.Release|x86.Build.0 = Release|Any CPU
	EndGlobalSection
	GlobalSection(SolutionProperties) = preSolution
		HideSolutionNode = FALSE
	EndGlobalSection
	GlobalSection(ExtensibilityGlobals) = postSolution
		SolutionGuid = {9C23335C-90D7-4393-86C0-9EAEB5FCF7B9}
	EndGlobalSection
	GlobalSection(MonoDevelopProperties) = preSolution
		StartupItem = SimpleCQRS\SimpleCQRS.csproj
	EndGlobalSection
EndGlobal
